
Microsoft Visual Studio Solution File, Format Version 12.00
# Visual Studio Version 17
VisualStudioVersion = 17.5.002.0
MinimumVisualStudioVersion = 10.0.40219.1
Project("{9A19103F-16F7-4668-BE54-9A1E7A4F7556}") = "Lab08_Demo", "Lab08_Demo.csproj", "{79B95D04-A27C-413D-ABDD-255D8ADA7C84}"
EndProject
Global
	GlobalSection(SolutionConfigurationPlatforms) = preSolution
		Debug|Any CPU = Debug|Any CPU
		Release|Any CPU = Release|Any CPU
	EndGlobalSection
	GlobalSection(ProjectConfigurationPlatforms) = postSolution
		{79B95D04-A27C-413D-ABDD-255D8ADA7C84}.Debug|Any CPU.ActiveCfg = Debug|Any CPU
		{79B95D04-A27C-413D-ABDD-255D8ADA7C84}.Debug|Any CPU.Build.0 = Debug|Any CPU
		{79B95D04-A27C-413D-ABDD-255D8ADA7C84}.Release|Any CPU.ActiveCfg = Release|Any CPU
		{79B95D04-A27C-413D-ABDD-255D8ADA7C84}.Release|Any CPU.Build.0 = Release|Any CPU
	EndGlobalSection
	GlobalSection(SolutionProperties) = preSolution
		HideSolutionNode = FALSE
	EndGlobalSection
	GlobalSection(ExtensibilityGlobals) = postSolution
		SolutionGuid = {0D0A5432-45F3-4B0A-9C90-8BB3201C2E94}
	EndGlobalSection
EndGlobal
